{
    "_readme": [
        "This file locks the dependencies of your project to a known state",
        "Read more about it at https://getcomposer.org/doc/01-basic-usage.md#composer-lock-the-lock-file",
        "This file is @generated automatically"
    ],
    "content-hash": "ba867747e375d98f329f4e34d72a66d6",
    "packages": [
        {
            "name": "nilvola/omnipay-adyen",
            "version": "dev-completepurchaseresponse",
            "source": {
                "type": "git",
                "url": "https://github.com/Mark-H/omnipay-adyen.git",
                "reference": "99d21e0a9d58a9a757fa9d396db9986987e2907b"
            },
            "dist": {
                "type": "zip",
                "url": "https://api.github.com/repos/Mark-H/omnipay-adyen/zipball/99d21e0a9d58a9a757fa9d396db9986987e2907b",
                "reference": "99d21e0a9d58a9a757fa9d396db9986987e2907b",
                "shasum": ""
            },
            "require": {
                "omnipay/common": "~2.0"
            },
            "require-dev": {
                "omnipay/tests": "~2.0"
            },
            "type": "library",
            "autoload": {
                "psr-0": {
                    "Omnipay\\Adyen\\": "src/"
                }
            },
            "license": [
                "MIT"
            ],
            "authors": [
                {
                    "name": "Mujib Azizi",
                    "email": "mujib@nilvola.nl"
                },
                {
                    "name": "Adrian Macneil",
                    "email": "adrian@adrianmacneil.com"
                },
                {
                    "name": "Omnipay Contributors",
                    "homepage": "https://github.com/titlextechnology/omnipay-adyen/contributors"
                },
                {
                    "name": "PeoplePerHour",
                    "homepage": "http://www.peopleperhour.com"
                },
                {
                    "name": "Mark Kremer",
                    "email": "mail@markkremer.nl"
                }
            ],
            "description": "Adyen driver for the Omnipay payment processing library",
            "homepage": "https://github.com/MujibAzizi/omnipay-adyen",
            "keywords": [
                "adyen",
                "gateway",
                "merchant",
                "omnipay",
                "pay",
                "payment"
            ],
            "support": {
                "source": "https://github.com/Mark-H/omnipay-adyen/tree/completepurchaseresponse"
            },
            "time": "2018-08-28T13:52:33+00:00"
        }
    ],
    "packages-dev": [],
    "aliases": [],
    "minimum-stability": "stable",
    "stability-flags": {
        "nilvola/omnipay-adyen": 20
    },
    "prefer-stable": false,
    "prefer-lowest": false,
    "platform": {
        "php": ">=5.5.0"
    },
    "platform-dev": []
}
