{
    "_readme": [
        "This file locks the dependencies of your project to a known state",
        "Read more about it at https://getcomposer.org/doc/01-basic-usage.md#composer-lock-the-lock-file",
        "This file is @generated automatically"
    ],
    "content-hash": "dafed916af1bf77491315bc0c99568e4",
    "packages": [
        {
            "name": "nilvola/omnipay-adyen",
            "version": "1.3.1",
            "source": {
                "type": "git",
                "url": "https://github.com/MujibAzizi/omnipay-adyen.git",
                "reference": "3042e2c63d3163a0f6b48d48900f6e33c45c097b"
            },
            "dist": {
                "type": "zip",
                "url": "https://api.github.com/repos/MujibAzizi/omnipay-adyen/zipball/3042e2c63d3163a0f6b48d48900f6e33c45c097b",
                "reference": "3042e2c63d3163a0f6b48d48900f6e33c45c097b",
                "shasum": ""
            },
            "require": {
                "omnipay/common": "~2.0"
            },
            "require-dev": {
                "omnipay/tests": "~2.0"
            },
            "type": "library",
            "autoload": {
                "psr-0": {
                    "Omnipay\\Adyen\\": "src/"
                }
            },
            "notification-url": "https://packagist.org/downloads/",
            "license": [
                "MIT"
            ],
            "authors": [
                {
                    "name": "Adrian Macneil",
                    "email": "adrian@adrianmacneil.com"
                },
                {
                    "name": "Omnipay Contributors",
                    "homepage": "https://github.com/titlextechnology/omnipay-adyen/contributors"
                },
                {
                    "name": "PeoplePerHour",
                    "homepage": "http://www.peopleperhour.com"
                },
                {
                    "name": "Mujib Azizi",
                    "email": "mujib@nilvola.nl"
                },
                {
                    "name": "Mark Kremer",
                    "email": "mail@markkremer.nl"
                }
            ],
            "description": "Adyen driver for the Omnipay payment processing library",
            "homepage": "https://github.com/MujibAzizi/omnipay-adyen",
            "keywords": [
                "adyen",
                "gateway",
                "merchant",
                "omnipay",
                "pay",
                "payment"
            ],
            "time": "2019-01-22T09:26:53+00:00"
        }
    ],
    "packages-dev": [],
    "aliases": [],
    "minimum-stability": "stable",
    "stability-flags": [],
    "prefer-stable": false,
    "prefer-lowest": false,
    "platform": {
        "php": ">=5.5.0"
    },
    "platform-dev": []
}
